
Microsoft Visual Studio Solution File, Format Version 12.00
# Visual Studio 15
VisualStudioVersion = 15.0.27130.2003
MinimumVisualStudioVersion = 10.0.40219.1
Project("{A90DE114-75FD-4A2E-A77D-5E5E1E7035EB}") = "All Day Growing", "All Day Growing.csproj", "{A90DE114-75FD-4A2E-A77D-5E5E1E7035EB}"
EndProject
Global
	GlobalSection(SolutionConfigurationPlatforms) = preSolution
		Debug|Any CPU = Debug|Any CPU
		Release|Any CPU = Release|Any CPU
	EndGlobalSection
	GlobalSection(ProjectConfigurationPlatforms) = postSolution
		{A90DE114-75FD-4A2E-A77D-5E5E1E7035EB}.Debug|Any CPU.ActiveCfg = Debug|Any CPU
		{A90DE114-75FD-4A2E-A77D-5E5E1E7035EB}.Debug|Any CPU.Build.0 = Debug|Any CPU
		{A90DE114-75FD-4A2E-A77D-5E5E1E7035EB}.Release|Any CPU.ActiveCfg = Release|Any CPU
		{A90DE114-75FD-4A2E-A77D-5E5E1E7035EB}.Release|Any CPU.Build.0 = Release|Any CPU
	EndGlobalSection
	GlobalSection(SolutionProperties) = preSolution
		HideSolutionNode = FALSE
	EndGlobalSection
	GlobalSection(ExtensibilityGlobals) = postSolution
		SolutionGuid = {4A0FDF80-1B16-4941-914B-417AE266029A}
	EndGlobalSection
EndGlobal
